
Microsoft Visual Studio Solution File, Format Version 12.00
# Visual Studio Version 17
VisualStudioVersion = 17.4.33403.182
MinimumVisualStudioVersion = 10.0.40219.1
Project("{FAE04EC0-301F-11D3-BF4B-00C04F79EFBC}") = "Assignments_2", "Assignments_2\Assignments_2.csproj", "{13EB40A7-B623-4962-9BBD-BE64FF72A958}"
EndProject
Global
	GlobalSection(SolutionConfigurationPlatforms) = preSolution
		Debug|Any CPU = Debug|Any CPU
		Release|Any CPU = Release|Any CPU
	EndGlobalSection
	GlobalSection(ProjectConfigurationPlatforms) = postSolution
		{13EB40A7-B623-4962-9BBD-BE64FF72A958}.Debug|Any CPU.ActiveCfg = Debug|Any CPU
		{13EB40A7-B623-4962-9BBD-BE64FF72A958}.Debug|Any CPU.Build.0 = Debug|Any CPU
		{13EB40A7-B623-4962-9BBD-BE64FF72A958}.Release|Any CPU.ActiveCfg = Release|Any CPU
		{13EB40A7-B623-4962-9BBD-BE64FF72A958}.Release|Any CPU.Build.0 = Release|Any CPU
	EndGlobalSection
	GlobalSection(SolutionProperties) = preSolution
		HideSolutionNode = FALSE
	EndGlobalSection
	GlobalSection(ExtensibilityGlobals) = postSolution
		SolutionGuid = {0838DD5A-D81D-4995-AFCE-E6D5AC424964}
	EndGlobalSection
EndGlobal
